// !$*UTF8*$!
{
	archiveVersion = 1;
	classes = {
	};
	objectVersion = 46;
	objects = {

/* Begin PBXBuildFile section */
		55AEDA271DE85CED0079958D /* AppDelegate.swift in Sources */ = {isa = PBXBuildFile; fileRef = 55AEDA261DE85CED0079958D /* AppDelegate.swift */; };
		55AEDA291DE85CED0079958D /* ViewController.swift in Sources */ = {isa = PBXBuildFile; fileRef = 55AEDA281DE85CED0079958D /* ViewController.swift */; };
		55AEDA2C1DE85CED0079958D /* Main.storyboard in Resources */ = {isa = PBXBuildFile; fileRef = 55AEDA2A1DE85CED0079958D /* Main.storyboard */; };
		55AEDA2E1DE85CED0079958D /* Assets.xcassets in Resources */ = {isa = PBXBuildFile; fileRef = 55AEDA2D1DE85CED0079958D /* Assets.xcassets */; };
		55AEDA311DE85CED0079958D /* LaunchScreen.storyboard in Resources */ = {isa = PBXBuildFile; fileRef = 55AEDA2F1DE85CED0079958D /* LaunchScreen.storyboard */; };
		55AEDA3C1DE85CED0079958D /* PrankTests.swift in Sources */ = {isa = PBXBuildFile; fileRef = 55AEDA3B1DE85CED0079958D /* PrankTests.swift */; };
		55AEDA471DE85CFD0079958D /* Autocorrect.swift in Sources */ = {isa = PBXBuildFile; fileRef = 55AEDA461DE85CFD0079958D /* Autocorrect.swift */; };
/* End PBXBuildFile section */

/* Begin PBXContainerItemProxy section */
		55AEDA381DE85CED0079958D /* PBXContainerItemProxy */ = {
			isa = PBXContainerItemProxy;
			containerPortal = 55AEDA1B1DE85CED0079958D /* Project object */;
			proxyType = 1;
			remoteGlobalIDString = 55AEDA221DE85CED0079958D;
			remoteInfo = Prank;
		};
/* End PBXContainerItemProxy section */

/* Begin PBXFileReference section */
		55AEDA231DE85CED0079958D /* Prank.app */ = {isa = PBXFileReference; explicitFileType = wrapper.application; includeInIndex = 0; path = Prank.app; sourceTree = BUILT_PRODUCTS_DIR; };
		55AEDA261DE85CED0079958D /* AppDelegate.swift */ = {isa = PBXFileReference; lastKnownFileType = sourcecode.swift; path = AppDelegate.swift; sourceTree = "<group>"; };
		55AEDA281DE85CED0079958D /* ViewController.swift */ = {isa = PBXFileReference; lastKnownFileType = sourcecode.swift; path = ViewController.swift; sourceTree = "<group>"; };
		55AEDA2B1DE85CED0079958D /* Base */ = {isa = PBXFileReference; lastKnownFileType = file.storyboard; name = Base; path = Base.lproj/Main.storyboard; sourceTree = "<group>"; };
		55AEDA2D1DE85CED0079958D /* Assets.xcassets */ = {isa = PBXFileReference; lastKnownFileType = folder.assetcatalog; path = Assets.xcassets; sourceTree = "<group>"; };
		55AEDA301DE85CED0079958D /* Base */ = {isa = PBXFileReference; lastKnownFileType = file.storyboard; name = Base; path = Base.lproj/LaunchScreen.storyboard; sourceTree = "<group>"; };
		55AEDA321DE85CED0079958D /* Info.plist */ = {isa = PBXFileReference; lastKnownFileType = text.plist.xml; path = Info.plist; sourceTree = "<group>"; };
		55AEDA371DE85CED0079958D /* PrankTests.xctest */ = {isa = PBXFileReference; explicitFileType = wrapper.cfbundle; includeInIndex = 0; path = PrankTests.xctest; sourceTree = BUILT_PRODUCTS_DIR; };
		55AEDA3B1DE85CED0079958D /* PrankTests.swift */ = {isa = PBXFileReference; lastKnownFileType = sourcecode.swift; path = PrankTests.swift; sourceTree = "<group>"; };
		55AEDA3D1DE85CED0079958D /* Info.plist */ = {isa = PBXFileReference; lastKnownFileType = text.plist.xml; path = Info.plist; sourceTree = "<group>"; };
		55AEDA461DE85CFD0079958D /* Autocorrect.swift */ = {isa = PBXFileReference; fileEncoding = 4; lastKnownFileType = sourcecode.swift; path = Autocorrect.swift; sourceTree = "<group>"; };
/* End PBXFileReference section */

/* Begin PBXFrameworksBuildPhase section */
		55AEDA201DE85CED0079958D /* Frameworks */ = {
			isa = PBXFrameworksBuildPhase;
			buildActionMask = 2147483647;
			files = (
			);
			runOnlyForDeploymentPostprocessing = 0;
		};
		55AEDA341DE85CED0079958D /* Frameworks */ = {
			isa = PBXFrameworksBuildPhase;
			buildActionMask = 2147483647;
			files = (
			);
			runOnlyForDeploymentPostprocessing = 0;
		};
/* End PBXFrameworksBuildPhase section */

/* Begin PBXGroup section */
		55AEDA1A1DE85CED0079958D = {
			isa = PBXGroup;
			children = (
				55AEDA251DE85CED0079958D /* Prank */,
				55AEDA3A1DE85CED0079958D /* PrankTests */,
				55AEDA241DE85CED0079958D /* Products */,
			);
			sourceTree = "<group>";
		};
		55AEDA241DE85CED0079958D /* Products */ = {
			isa = PBXGroup;
			children = (
				55AEDA231DE85CED0079958D /* Prank.app */,
				55AEDA371DE85CED0079958D /* PrankTests.xctest */,
			);
			name = Products;
			sourceTree = "<group>";
		};
		55AEDA251DE85CED0079958D /* Prank */ = {
			isa = PBXGroup;
			children = (
				55AEDA261DE85CED0079958D /* AppDelegate.swift */,
				55AEDA281DE85CED0079958D /* ViewController.swift */,
				55AEDA2A1DE85CED0079958D /* Main.storyboard */,
				55AEDA2D1DE85CED0079958D /* Assets.xcassets */,
				55AEDA2F1DE85CED0079958D /* LaunchScreen.storyboard */,
				55AEDA321DE85CED0079958D /* Info.plist */,
				55AEDA461DE85CFD0079958D /* Autocorrect.swift */,
			);
			path = Prank;
			sourceTree = "<group>";
		};
		55AEDA3A1DE85CED0079958D /* PrankTests */ = {
			isa = PBXGroup;
			children = (
				55AEDA3B1DE85CED0079958D /* PrankTests.swift */,
				55AEDA3D1DE85CED0079958D /* Info.plist */,
			);
			path = PrankTests;
			sourceTree = "<group>";
		};
/* End PBXGroup section */

/* Begin PBXNativeTarget section */
		55AEDA221DE85CED0079958D /* Prank */ = {
			isa = PBXNativeTarget;
			buildConfigurationList = 55AEDA401DE85CED0079958D /* Build configuration list for PBXNativeTarget "Prank" */;
			buildPhases = (
				55AEDA1F1DE85CED0079958D /* Sources */,
				55AEDA201DE85CED0079958D /* Frameworks */,
				55AEDA211DE85CED0079958D /* Resources */,
			);
			buildRules = (
			);
			dependencies = (
			);
			name = Prank;
			productName = Prank;
			productReference = 55AEDA231DE85CED0079958D /* Prank.app */;
			productType = "com.apple.product-type.application";
		};
		55AEDA361DE85CED0079958D /* PrankTests */ = {
			isa = PBXNativeTarget;
			buildConfigurationList = 55AEDA431DE85CED0079958D /* Build configuration list for PBXNativeTarget "PrankTests" */;
			buildPhases = (
				55AEDA331DE85CED0079958D /* Sources */,
				55AEDA341DE85CED0079958D /* Frameworks */,
				55AEDA351DE85CED0079958D /* Resources */,
			);
			buildRules = (
			);
			dependencies = (
				55AEDA391DE85CED0079958D /* PBXTargetDependency */,
			);
			name = PrankTests;
			productName = PrankTests;
			productReference = 55AEDA371DE85CED0079958D /* PrankTests.xctest */;
			productType = "com.apple.product-type.bundle.unit-test";
		};
/* End PBXNativeTarget section */

/* Begin PBXProject section */
		55AEDA1B1DE85CED0079958D /* Project object */ = {
			isa = PBXProject;
			attributes = {
				LastSwiftUpdateCheck = 0810;
				LastUpgradeCheck = 0810;
				ORGANIZATIONNAME = "Victoria Denisyuk";
				TargetAttributes = {
					55AEDA221DE85CED0079958D = {
						CreatedOnToolsVersion = 8.1;
						ProvisioningStyle = Automatic;
					};
					55AEDA361DE85CED0079958D = {
						CreatedOnToolsVersion = 8.1;
						ProvisioningStyle = Automatic;
						TestTargetID = 55AEDA221DE85CED0079958D;
					};
				};
			};
			buildConfigurationList = 55AEDA1E1DE85CED0079958D /* Build configuration list for PBXProject "Prank" */;
			compatibilityVersion = "Xcode 3.2";
			developmentRegion = English;
			hasScannedForEncodings = 0;
			knownRegions = (
				en,
				Base,
			);
			mainGroup = 55AEDA1A1DE85CED0079958D;
			productRefGroup = 55AEDA241DE85CED0079958D /* Products */;
			projectDirPath = "";
			projectRoot = "";
			targets = (
				55AEDA221DE85CED0079958D /* Prank */,
				55AEDA361DE85CED0079958D /* PrankTests */,
			);
		};
/* End PBXProject section */

/* Begin PBXResourcesBuildPhase section */
		55AEDA211DE85CED0079958D /* Resources */ = {
			isa = PBXResourcesBuildPhase;
			buildActionMask = 2147483647;
			files = (
				55AEDA311DE85CED0079958D /* LaunchScreen.storyboard in Resources */,
				55AEDA2E1DE85CED0079958D /* Assets.xcassets in Resources */,
				55AEDA2C1DE85CED0079958D /* Main.storyboard in Resources */,
			);
			runOnlyForDeploymentPostprocessing = 0;
		};
		55AEDA351DE85CED0079958D /* Resources */ = {
			isa = PBXResourcesBuildPhase;
			buildActionMask = 2147483647;
			files = (
			);
			runOnlyForDeploymentPostprocessing = 0;
		};
/* End PBXResourcesBuildPhase section */

/* Begin PBXSourcesBuildPhase section */
		55AEDA1F1DE85CED0079958D /* Sources */ = {
			isa = PBXSourcesBuildPhase;
			buildActionMask = 2147483647;
			files = (
				55AEDA471DE85CFD0079958D /* Autocorrect.swift in Sources */,
				55AEDA291DE85CED0079958D /* ViewController.swift in Sources */,
				55AEDA271DE85CED0079958D /* AppDelegate.swift in Sources */,
			);
			runOnlyForDeploymentPostprocessing = 0;
		};
		55AEDA331DE85CED0079958D /* Sources */ = {
			isa = PBXSourcesBuildPhase;
			buildActionMask = 2147483647;
			files = (
				55AEDA3C1DE85CED0079958D /* PrankTests.swift in Sources */,
			);
			runOnlyForDeploymentPostprocessing = 0;
		};
/* End PBXSourcesBuildPhase section */

/* Begin PBXTargetDependency section */
		55AEDA391DE85CED0079958D /* PBXTargetDependency */ = {
			isa = PBXTargetDependency;
			target = 55AEDA221DE85CED0079958D /* Prank */;
			targetProxy = 55AEDA381DE85CED0079958D /* PBXContainerItemProxy */;
		};
/* End PBXTargetDependency section */

/* Begin PBXVariantGroup section */
		55AEDA2A1DE85CED0079958D /* Main.storyboard */ = {
			isa = PBXVariantGroup;
			children = (
				55AEDA2B1DE85CED0079958D /* Base */,
			);
			name = Main.storyboard;
			sourceTree = "<group>";
		};
		55AEDA2F1DE85CED0079958D /* LaunchScreen.storyboard */ = {
			isa = PBXVariantGroup;
			children = (
				55AEDA301DE85CED0079958D /* Base */,
			);
			name = LaunchScreen.storyboard;
			sourceTree = "<group>";
		};
/* End PBXVariantGroup section */

/* Begin XCBuildConfiguration section */
		55AEDA3E1DE85CED0079958D /* Debug */ = {
			isa = XCBuildConfiguration;
			buildSettings = {
				ALWAYS_SEARCH_USER_PATHS = NO;
				CLANG_ANALYZER_NONNULL = YES;
				CLANG_CXX_LANGUAGE_STANDARD = "gnu++0x";
				CLANG_CXX_LIBRARY = "libc++";
				CLANG_ENABLE_MODULES = YES;
				CLANG_ENABLE_OBJC_ARC = YES;
				CLANG_WARN_BOOL_CONVERSION = YES;
				CLANG_WARN_CONSTANT_CONVERSION = YES;
				CLANG_WARN_DIRECT_OBJC_ISA_USAGE = YES_ERROR;
				CLANG_WARN_DOCUMENTATION_COMMENTS = YES;
				CLANG_WARN_EMPTY_BODY = YES;
				CLANG_WARN_ENUM_CONVERSION = YES;
				CLANG_WARN_INFINITE_RECURSION = YES;
				CLANG_WARN_INT_CONVERSION = YES;
				CLANG_WARN_OBJC_ROOT_CLASS = YES_ERROR;
				CLANG_WARN_SUSPICIOUS_MOVES = YES;
				CLANG_WARN_UNREACHABLE_CODE = YES;
				CLANG_WARN__DUPLICATE_METHOD_MATCH = YES;
				"CODE_SIGN_IDENTITY[sdk=iphoneos*]" = "iPhone Developer";
				COPY_PHASE_STRIP = NO;
				DEBUG_INFORMATION_FORMAT = dwarf;
				ENABLE_STRICT_OBJC_MSGSEND = YES;
				ENABLE_TESTABILITY = YES;
				GCC_C_LANGUAGE_STANDARD = gnu99;
				GCC_DYNAMIC_NO_PIC = NO;
				GCC_NO_COMMON_BLOCKS = YES;
				GCC_OPTIMIZATION_LEVEL = 0;
				GCC_PREPROCESSOR_DEFINITIONS = (
					"DEBUG=1",
					"$(inherited)",
				);
				GCC_WARN_64_TO_32_BIT_CONVERSION = YES;
				GCC_WARN_ABOUT_RETURN_TYPE = YES_ERROR;
				GCC_WARN_UNDECLARED_SELECTOR = YES;
				GCC_WARN_UNINITIALIZED_AUTOS = YES_AGGRESSIVE;
				GCC_WARN_UNUSED_FUNCTION = YES;
				GCC_WARN_UNUSED_VARIABLE = YES;
				IPHONEOS_DEPLOYMENT_TARGET = 10.1;
				MTL_ENABLE_DEBUG_INFO = YES;
				ONLY_ACTIVE_ARCH = YES;
				SDKROOT = iphoneos;
				SWIFT_ACTIVE_COMPILATION_CONDITIONS = DEBUG;
				SWIFT_OPTIMIZATION_LEVEL = "-Onone";
			};
			name = Debug;
		};
		55AEDA3F1DE85CED0079958D /* Release */ = {
			isa = XCBuildConfiguration;
			buildSettings = {
				ALWAYS_SEARCH_USER_PATHS = NO;
				CLANG_ANALYZER_NONNULL = YES;
				CLANG_CXX_LANGUAGE_STANDARD = "gnu++0x";
				CLANG_CXX_LIBRARY = "libc++";
				CLANG_ENABLE_MODULES = YES;
				CLANG_ENABLE_OBJC_ARC = YES;
				CLANG_WARN_BOOL_CONVERSION = YES;
				CLANG_WARN_CONSTANT_CONVERSION = YES;
				CLANG_WARN_DIRECT_OBJC_ISA_USAGE = YES_ERROR;
				CLANG_WARN_DOCUMENTATION_COMMENTS = YES;
				CLANG_WARN_EMPTY_BODY = YES;
				CLANG_WARN_ENUM_CONVERSION = YES;
				CLANG_WARN_INFINITE_RECURSION = YES;
				CLANG_WARN_INT_CONVERSION = YES;
				CLANG_WARN_OBJC_ROOT_CLASS = YES_ERROR;
				CLANG_WARN_SUSPICIOUS_MOVES = YES;
				CLANG_WARN_UNREACHABLE_CODE = YES;
				CLANG_WARN__DUPLICATE_METHOD_MATCH = YES;
				"CODE_SIGN_IDENTITY[sdk=iphoneos*]" = "iPhone Developer";
				COPY_PHASE_STRIP = NO;
				DEBUG_INFORMATION_FORMAT = "dwarf-with-dsym";
				ENABLE_NS_ASSERTIONS = NO;
				ENABLE_STRICT_OBJC_MSGSEND = YES;
				GCC_C_LANGUAGE_STANDARD = gnu99;
				GCC_NO_COMMON_BLOCKS = YES;
				GCC_WARN_64_TO_32_BIT_CONVERSION = YES;
				GCC_WARN_ABOUT_RETURN_TYPE = YES_ERROR;
				GCC_WARN_UNDECLARED_SELECTOR = YES;
				GCC_WARN_UNINITIALIZED_AUTOS = YES_AGGRESSIVE;
				GCC_WARN_UNUSED_FUNCTION = YES;
				GCC_WARN_UNUSED_VARIABLE = YES;
				IPHONEOS_DEPLOYMENT_TARGET = 10.1;
				MTL_ENABLE_DEBUG_INFO = NO;
				SDKROOT = iphoneos;
				SWIFT_OPTIMIZATION_LEVEL = "-Owholemodule";
				VALIDATE_PRODUCT = YES;
			};
			name = Release;
		};
		55AEDA411DE85CED0079958D /* Debug */ = {
			isa = XCBuildConfiguration;
			buildSettings = {
				ASSETCATALOG_COMPILER_APPICON_NAME = AppIcon;
				INFOPLIST_FILE = Prank/Info.plist;
				LD_RUNPATH_SEARCH_PATHS = "$(inherited) @executable_path/Frameworks";
				PRODUCT_BUNDLE_IDENTIFIER = com.epam.Prank;
				PRODUCT_NAME = "$(TARGET_NAME)";
				SWIFT_VERSION = 3.0;
			};
			name = Debug;
		};
		55AEDA421DE85CED0079958D /* Release */ = {
			isa = XCBuildConfiguration;
			buildSettings = {
				ASSETCATALOG_COMPILER_APPICON_NAME = AppIcon;
				INFOPLIST_FILE = Prank/Info.plist;
				LD_RUNPATH_SEARCH_PATHS = "$(inherited) @executable_path/Frameworks";
				PRODUCT_BUNDLE_IDENTIFIER = com.epam.Prank;
				PRODUCT_NAME = "$(TARGET_NAME)";
				SWIFT_VERSION = 3.0;
			};
			name = Release;
		};
		55AEDA441DE85CED0079958D /* Debug */ = {
			isa = XCBuildConfiguration;
			buildSettings = {
				ALWAYS_EMBED_SWIFT_STANDARD_LIBRARIES = YES;
				BUNDLE_LOADER = "$(TEST_HOST)";
				INFOPLIST_FILE = PrankTests/Info.plist;
				LD_RUNPATH_SEARCH_PATHS = "$(inherited) @executable_path/Frameworks @loader_path/Frameworks";
				PRODUCT_BUNDLE_IDENTIFIER = com.epam.PrankTests;
				PRODUCT_NAME = "$(TARGET_NAME)";
				SWIFT_VERSION = 3.0;
				TEST_HOST = "$(BUILT_PRODUCTS_DIR)/Prank.app/Prank";
			};
			name = Debug;
		};
		55AEDA451DE85CED0079958D /* Release */ = {
			isa = XCBuildConfiguration;
			buildSettings = {
				ALWAYS_EMBED_SWIFT_STANDARD_LIBRARIES = YES;
				BUNDLE_LOADER = "$(TEST_HOST)";
				INFOPLIST_FILE = PrankTests/Info.plist;
				LD_RUNPATH_SEARCH_PATHS = "$(inherited) @executable_path/Frameworks @loader_path/Frameworks";
				PRODUCT_BUNDLE_IDENTIFIER = com.epam.PrankTests;
				PRODUCT_NAME = "$(TARGET_NAME)";
				SWIFT_VERSION = 3.0;
				TEST_HOST = "$(BUILT_PRODUCTS_DIR)/Prank.app/Prank";
			};
			name = Release;
		};
/* End XCBuildConfiguration section */

/* Begin XCConfigurationList section */
		55AEDA1E1DE85CED0079958D /* Build configuration list for PBXProject "Prank" */ = {
			isa = XCConfigurationList;
			buildConfigurations = (
				55AEDA3E1DE85CED0079958D /* Debug */,
				55AEDA3F1DE85CED0079958D /* Release */,
			);
			defaultConfigurationIsVisible = 0;
			defaultConfigurationName = Release;
		};
		55AEDA401DE85CED0079958D /* Build configuration list for PBXNativeTarget "Prank" */ = {
			isa = XCConfigurationList;
			buildConfigurations = (
				55AEDA411DE85CED0079958D /* Debug */,
				55AEDA421DE85CED0079958D /* Release */,
			);
			defaultConfigurationIsVisible = 0;
		};
		55AEDA431DE85CED0079958D /* Build configuration list for PBXNativeTarget "PrankTests" */ = {
			isa = XCConfigurationList;
			buildConfigurations = (
				55AEDA441DE85CED0079958D /* Debug */,
				55AEDA451DE85CED0079958D /* Release */,
			);
			defaultConfigurationIsVisible = 0;
		};
/* End XCConfigurationList section */
	};
	rootObject = 55AEDA1B1DE85CED0079958D /* Project object */;
}
